
Microsoft Visual Studio Solution File, Format Version 12.00
# Visual Studio Version 17
VisualStudioVersion = 17.4.33205.214
MinimumVisualStudioVersion = 10.0.40219.1
Project("{9A19103F-16F7-4668-BE54-9A1E7A4F7556}") = "ReXgen_script_2", "ReXgen_script_2.csproj", "{7D885513-912C-4D73-84FF-761525D91ACB}"
EndProject
Global
	GlobalSection(SolutionConfigurationPlatforms) = preSolution
		Debug|Any CPU = Debug|Any CPU
		Release|Any CPU = Release|Any CPU
	EndGlobalSection
	GlobalSection(ProjectConfigurationPlatforms) = postSolution
		{7D885513-912C-4D73-84FF-761525D91ACB}.Debug|Any CPU.ActiveCfg = Debug|Any CPU
		{7D885513-912C-4D73-84FF-761525D91ACB}.Debug|Any CPU.Build.0 = Debug|Any CPU
		{7D885513-912C-4D73-84FF-761525D91ACB}.Release|Any CPU.ActiveCfg = Release|Any CPU
		{7D885513-912C-4D73-84FF-761525D91ACB}.Release|Any CPU.Build.0 = Release|Any CPU
	EndGlobalSection
	GlobalSection(SolutionProperties) = preSolution
		HideSolutionNode = FALSE
	EndGlobalSection
	GlobalSection(ExtensibilityGlobals) = postSolution
		SolutionGuid = {175CFBEF-DF21-4B8D-B5A2-F2B99120CBD5}
	EndGlobalSection
EndGlobal
